// !$*UTF8*$!
{
	archiveVersion = 1;
	classes = {
	};
	objectVersion = 56;
	objects = {

/* Begin PBXBuildFile section */
		007E50CD29DB852B00CC9716 /* DishModel.swift in Sources */ = {isa = PBXBuildFile; fileRef = 007E50CC29DB852B00CC9716 /* DishModel.swift */; };
		007E50D029DC659900CC9716 /* BannerCell.swift in Sources */ = {isa = PBXBuildFile; fileRef = 007E50CF29DC659900CC9716 /* BannerCell.swift */; };
		007E50D329DC660500CC9716 /* CategoryCell.swift in Sources */ = {isa = PBXBuildFile; fileRef = 007E50D229DC660500CC9716 /* CategoryCell.swift */; };
		007E50D529DC676B00CC9716 /* DishCell.swift in Sources */ = {isa = PBXBuildFile; fileRef = 007E50D429DC676B00CC9716 /* DishCell.swift */; };
		007E510029DE13C100CC9716 /* ImageCache.swift in Sources */ = {isa = PBXBuildFile; fileRef = 007E50FF29DE13C100CC9716 /* ImageCache.swift */; };
		007E510229DED61400CC9716 /* TabBarController.swift in Sources */ = {isa = PBXBuildFile; fileRef = 007E510129DED61400CC9716 /* TabBarController.swift */; };
		007E510929DED6E400CC9716 /* ConcactViewController.swift in Sources */ = {isa = PBXBuildFile; fileRef = 007E510829DED6E400CC9716 /* ConcactViewController.swift */; };
		007E510C29DED70D00CC9716 /* ProfileViewController.swift in Sources */ = {isa = PBXBuildFile; fileRef = 007E510B29DED70D00CC9716 /* ProfileViewController.swift */; };
		007E510E29DED72200CC9716 /* BasketViewController.swift in Sources */ = {isa = PBXBuildFile; fileRef = 007E510D29DED72200CC9716 /* BasketViewController.swift */; };
		0088F3B329DB4969003398A8 /* AppDelegate.swift in Sources */ = {isa = PBXBuildFile; fileRef = 0088F3B229DB4969003398A8 /* AppDelegate.swift */; };
		0088F3B529DB4969003398A8 /* SceneDelegate.swift in Sources */ = {isa = PBXBuildFile; fileRef = 0088F3B429DB4969003398A8 /* SceneDelegate.swift */; };
		0088F3B729DB4969003398A8 /* DishesViewController.swift in Sources */ = {isa = PBXBuildFile; fileRef = 0088F3B629DB4969003398A8 /* DishesViewController.swift */; };
		0088F3BC29DB496A003398A8 /* Assets.xcassets in Resources */ = {isa = PBXBuildFile; fileRef = 0088F3BB29DB496A003398A8 /* Assets.xcassets */; };
		0088F3BF29DB496A003398A8 /* LaunchScreen.storyboard in Resources */ = {isa = PBXBuildFile; fileRef = 0088F3BD29DB496A003398A8 /* LaunchScreen.storyboard */; };
		0088F3C929DB49CC003398A8 /* NetworkService.swift in Sources */ = {isa = PBXBuildFile; fileRef = 0088F3C829DB49CC003398A8 /* NetworkService.swift */; };
		0088F3CB29DB49E0003398A8 /* Presenter.swift in Sources */ = {isa = PBXBuildFile; fileRef = 0088F3CA29DB49E0003398A8 /* Presenter.swift */; };
/* End PBXBuildFile section */

/* Begin PBXFileReference section */
		007E50CC29DB852B00CC9716 /* DishModel.swift */ = {isa = PBXFileReference; lastKnownFileType = sourcecode.swift; path = DishModel.swift; sourceTree = "<group>"; };
		007E50CF29DC659900CC9716 /* BannerCell.swift */ = {isa = PBXFileReference; lastKnownFileType = sourcecode.swift; path = BannerCell.swift; sourceTree = "<group>"; };
		007E50D229DC660500CC9716 /* CategoryCell.swift */ = {isa = PBXFileReference; lastKnownFileType = sourcecode.swift; path = CategoryCell.swift; sourceTree = "<group>"; };
		007E50D429DC676B00CC9716 /* DishCell.swift */ = {isa = PBXFileReference; lastKnownFileType = sourcecode.swift; path = DishCell.swift; sourceTree = "<group>"; };
		007E50FF29DE13C100CC9716 /* ImageCache.swift */ = {isa = PBXFileReference; lastKnownFileType = sourcecode.swift; path = ImageCache.swift; sourceTree = "<group>"; };
		007E510129DED61400CC9716 /* TabBarController.swift */ = {isa = PBXFileReference; lastKnownFileType = sourcecode.swift; path = TabBarController.swift; sourceTree = "<group>"; };
		007E510829DED6E400CC9716 /* ConcactViewController.swift */ = {isa = PBXFileReference; lastKnownFileType = sourcecode.swift; path = ConcactViewController.swift; sourceTree = "<group>"; };
		007E510B29DED70D00CC9716 /* ProfileViewController.swift */ = {isa = PBXFileReference; lastKnownFileType = sourcecode.swift; path = ProfileViewController.swift; sourceTree = "<group>"; };
		007E510D29DED72200CC9716 /* BasketViewController.swift */ = {isa = PBXFileReference; lastKnownFileType = sourcecode.swift; path = BasketViewController.swift; sourceTree = "<group>"; };
		0088F3AF29DB4969003398A8 /* FoodStore.app */ = {isa = PBXFileReference; explicitFileType = wrapper.application; includeInIndex = 0; path = FoodStore.app; sourceTree = BUILT_PRODUCTS_DIR; };
		0088F3B229DB4969003398A8 /* AppDelegate.swift */ = {isa = PBXFileReference; lastKnownFileType = sourcecode.swift; path = AppDelegate.swift; sourceTree = "<group>"; };
		0088F3B429DB4969003398A8 /* SceneDelegate.swift */ = {isa = PBXFileReference; lastKnownFileType = sourcecode.swift; path = SceneDelegate.swift; sourceTree = "<group>"; };
		0088F3B629DB4969003398A8 /* DishesViewController.swift */ = {isa = PBXFileReference; lastKnownFileType = sourcecode.swift; path = DishesViewController.swift; sourceTree = "<group>"; };
		0088F3BB29DB496A003398A8 /* Assets.xcassets */ = {isa = PBXFileReference; lastKnownFileType = folder.assetcatalog; path = Assets.xcassets; sourceTree = "<group>"; };
		0088F3BE29DB496A003398A8 /* Base */ = {isa = PBXFileReference; lastKnownFileType = file.storyboard; name = Base; path = Base.lproj/LaunchScreen.storyboard; sourceTree = "<group>"; };
		0088F3C029DB496A003398A8 /* Info.plist */ = {isa = PBXFileReference; lastKnownFileType = text.plist.xml; path = Info.plist; sourceTree = "<group>"; };
		0088F3C829DB49CC003398A8 /* NetworkService.swift */ = {isa = PBXFileReference; lastKnownFileType = sourcecode.swift; path = NetworkService.swift; sourceTree = "<group>"; };
		0088F3CA29DB49E0003398A8 /* Presenter.swift */ = {isa = PBXFileReference; lastKnownFileType = sourcecode.swift; path = Presenter.swift; sourceTree = "<group>"; };
/* End PBXFileReference section */

/* Begin PBXFrameworksBuildPhase section */
		0088F3AC29DB4969003398A8 /* Frameworks */ = {
			isa = PBXFrameworksBuildPhase;
			buildActionMask = 2147483647;
			files = (
			);
			runOnlyForDeploymentPostprocessing = 0;
		};
/* End PBXFrameworksBuildPhase section */

/* Begin PBXGroup section */
		007E50CB29DB851B00CC9716 /* Model */ = {
			isa = PBXGroup;
			children = (
				007E50CC29DB852B00CC9716 /* DishModel.swift */,
			);
			path = Model;
			sourceTree = "<group>";
		};
		007E50CE29DC658A00CC9716 /* Controller */ = {
			isa = PBXGroup;
			children = (
				007E510429DED67B00CC9716 /* TabBarController */,
				007E510329DED66400CC9716 /* DishesVС */,
				007E510529DED68D00CC9716 /* ContactVC */,
				007E510629DED69700CC9716 /* ProfileVC */,
				007E510729DED6A200CC9716 /* BasketVC */,
			);
			path = Controller;
			sourceTree = "<group>";
		};
		007E50D129DC659C00CC9716 /* FirstCell */ = {
			isa = PBXGroup;
			children = (
				007E50CF29DC659900CC9716 /* BannerCell.swift */,
				007E50D229DC660500CC9716 /* CategoryCell.swift */,
				007E50D429DC676B00CC9716 /* DishCell.swift */,
			);
			path = FirstCell;
			sourceTree = "<group>";
		};
		007E50D629DC7EAB00CC9716 /* App */ = {
			isa = PBXGroup;
			children = (
				0088F3B229DB4969003398A8 /* AppDelegate.swift */,
				0088F3B429DB4969003398A8 /* SceneDelegate.swift */,
				0088F3BD29DB496A003398A8 /* LaunchScreen.storyboard */,
			);
			path = App;
			sourceTree = "<group>";
		};
		007E50D729DC7EBE00CC9716 /* Resurces */ = {
			isa = PBXGroup;
			children = (
				0088F3BB29DB496A003398A8 /* Assets.xcassets */,
			);
			path = Resurces;
			sourceTree = "<group>";
		};
		007E50D829DC7EC600CC9716 /* Service */ = {
			isa = PBXGroup;
			children = (
				0088F3C829DB49CC003398A8 /* NetworkService.swift */,
			);
			path = Service;
			sourceTree = "<group>";
		};
		007E510329DED66400CC9716 /* DishesVС */ = {
			isa = PBXGroup;
			children = (
				0088F3B629DB4969003398A8 /* DishesViewController.swift */,
				0088F3CA29DB49E0003398A8 /* Presenter.swift */,
				007E50D129DC659C00CC9716 /* FirstCell */,
			);
			path = "DishesVС";
			sourceTree = "<group>";
		};
		007E510429DED67B00CC9716 /* TabBarController */ = {
			isa = PBXGroup;
			children = (
				007E510129DED61400CC9716 /* TabBarController.swift */,
			);
			path = TabBarController;
			sourceTree = "<group>";
		};
		007E510529DED68D00CC9716 /* ContactVC */ = {
			isa = PBXGroup;
			children = (
				007E510829DED6E400CC9716 /* ConcactViewController.swift */,
			);
			name = ContactVC;
			sourceTree = "<group>";
		};
		007E510629DED69700CC9716 /* ProfileVC */ = {
			isa = PBXGroup;
			children = (
				007E510B29DED70D00CC9716 /* ProfileViewController.swift */,
			);
			path = ProfileVC;
			sourceTree = "<group>";
		};
		007E510729DED6A200CC9716 /* BasketVC */ = {
			isa = PBXGroup;
			children = (
				007E510D29DED72200CC9716 /* BasketViewController.swift */,
			);
			path = BasketVC;
			sourceTree = "<group>";
		};
		007E510F29DEF64B00CC9716 /* Utilits */ = {
			isa = PBXGroup;
			children = (
				007E50FF29DE13C100CC9716 /* ImageCache.swift */,
			);
			path = Utilits;
			sourceTree = "<group>";
		};
		0088F3A629DB4969003398A8 = {
			isa = PBXGroup;
			children = (
				0088F3B129DB4969003398A8 /* FoodStore */,
				0088F3B029DB4969003398A8 /* Products */,
			);
			sourceTree = "<group>";
		};
		0088F3B029DB4969003398A8 /* Products */ = {
			isa = PBXGroup;
			children = (
				0088F3AF29DB4969003398A8 /* FoodStore.app */,
			);
			name = Products;
			sourceTree = "<group>";
		};
		0088F3B129DB4969003398A8 /* FoodStore */ = {
			isa = PBXGroup;
			children = (
				007E50CE29DC658A00CC9716 /* Controller */,
				007E50D729DC7EBE00CC9716 /* Resurces */,
				007E50CB29DB851B00CC9716 /* Model */,
				007E50D829DC7EC600CC9716 /* Service */,
				007E50D629DC7EAB00CC9716 /* App */,
				007E510F29DEF64B00CC9716 /* Utilits */,
				0088F3C029DB496A003398A8 /* Info.plist */,
			);
			path = FoodStore;
			sourceTree = "<group>";
		};
/* End PBXGroup section */

/* Begin PBXNativeTarget section */
		0088F3AE29DB4969003398A8 /* FoodStore */ = {
			isa = PBXNativeTarget;
			buildConfigurationList = 0088F3C329DB496A003398A8 /* Build configuration list for PBXNativeTarget "FoodStore" */;
			buildPhases = (
				0088F3AB29DB4969003398A8 /* Sources */,
				0088F3AC29DB4969003398A8 /* Frameworks */,
				0088F3AD29DB4969003398A8 /* Resources */,
			);
			buildRules = (
			);
			dependencies = (
			);
			name = FoodStore;
			productName = FoodStore;
			productReference = 0088F3AF29DB4969003398A8 /* FoodStore.app */;
			productType = "com.apple.product-type.application";
		};
/* End PBXNativeTarget section */

/* Begin PBXProject section */
		0088F3A729DB4969003398A8 /* Project object */ = {
			isa = PBXProject;
			attributes = {
				BuildIndependentTargetsInParallel = 1;
				LastSwiftUpdateCheck = 1420;
				LastUpgradeCheck = 1420;
				TargetAttributes = {
					0088F3AE29DB4969003398A8 = {
						CreatedOnToolsVersion = 14.2;
					};
				};
			};
			buildConfigurationList = 0088F3AA29DB4969003398A8 /* Build configuration list for PBXProject "FoodStore" */;
			compatibilityVersion = "Xcode 14.0";
			developmentRegion = en;
			hasScannedForEncodings = 0;
			knownRegions = (
				en,
				Base,
			);
			mainGroup = 0088F3A629DB4969003398A8;
			productRefGroup = 0088F3B029DB4969003398A8 /* Products */;
			projectDirPath = "";
			projectRoot = "";
			targets = (
				0088F3AE29DB4969003398A8 /* FoodStore */,
			);
		};
/* End PBXProject section */

/* Begin PBXResourcesBuildPhase section */
		0088F3AD29DB4969003398A8 /* Resources */ = {
			isa = PBXResourcesBuildPhase;
			buildActionMask = 2147483647;
			files = (
				0088F3BF29DB496A003398A8 /* LaunchScreen.storyboard in Resources */,
				0088F3BC29DB496A003398A8 /* Assets.xcassets in Resources */,
			);
			runOnlyForDeploymentPostprocessing = 0;
		};
/* End PBXResourcesBuildPhase section */

/* Begin PBXSourcesBuildPhase section */
		0088F3AB29DB4969003398A8 /* Sources */ = {
			isa = PBXSourcesBuildPhase;
			buildActionMask = 2147483647;
			files = (
				0088F3CB29DB49E0003398A8 /* Presenter.swift in Sources */,
				007E50D529DC676B00CC9716 /* DishCell.swift in Sources */,
				007E510E29DED72200CC9716 /* BasketViewController.swift in Sources */,
				007E510229DED61400CC9716 /* TabBarController.swift in Sources */,
				0088F3C929DB49CC003398A8 /* NetworkService.swift in Sources */,
				0088F3B729DB4969003398A8 /* DishesViewController.swift in Sources */,
				0088F3B329DB4969003398A8 /* AppDelegate.swift in Sources */,
				007E50D329DC660500CC9716 /* CategoryCell.swift in Sources */,
				007E50CD29DB852B00CC9716 /* DishModel.swift in Sources */,
				007E510929DED6E400CC9716 /* ConcactViewController.swift in Sources */,
				007E50D029DC659900CC9716 /* BannerCell.swift in Sources */,
				007E510C29DED70D00CC9716 /* ProfileViewController.swift in Sources */,
				007E510029DE13C100CC9716 /* ImageCache.swift in Sources */,
				0088F3B529DB4969003398A8 /* SceneDelegate.swift in Sources */,
			);
			runOnlyForDeploymentPostprocessing = 0;
		};
/* End PBXSourcesBuildPhase section */

/* Begin PBXVariantGroup section */
		0088F3BD29DB496A003398A8 /* LaunchScreen.storyboard */ = {
			isa = PBXVariantGroup;
			children = (
				0088F3BE29DB496A003398A8 /* Base */,
			);
			name = LaunchScreen.storyboard;
			sourceTree = "<group>";
		};
/* End PBXVariantGroup section */

/* Begin XCBuildConfiguration section */
		0088F3C129DB496A003398A8 /* Debug */ = {
			isa = XCBuildConfiguration;
			buildSettings = {
				ALWAYS_SEARCH_USER_PATHS = NO;
				CLANG_ANALYZER_NONNULL = YES;
				CLANG_ANALYZER_NUMBER_OBJECT_CONVERSION = YES_AGGRESSIVE;
				CLANG_CXX_LANGUAGE_STANDARD = "gnu++20";
				CLANG_ENABLE_MODULES = YES;
				CLANG_ENABLE_OBJC_ARC = YES;
				CLANG_ENABLE_OBJC_WEAK = YES;
				CLANG_WARN_BLOCK_CAPTURE_AUTORELEASING = YES;
				CLANG_WARN_BOOL_CONVERSION = YES;
				CLANG_WARN_COMMA = YES;
				CLANG_WARN_CONSTANT_CONVERSION = YES;
				CLANG_WARN_DEPRECATED_OBJC_IMPLEMENTATIONS = YES;
				CLANG_WARN_DIRECT_OBJC_ISA_USAGE = YES_ERROR;
				CLANG_WARN_DOCUMENTATION_COMMENTS = YES;
				CLANG_WARN_EMPTY_BODY = YES;
				CLANG_WARN_ENUM_CONVERSION = YES;
				CLANG_WARN_INFINITE_RECURSION = YES;
				CLANG_WARN_INT_CONVERSION = YES;
				CLANG_WARN_NON_LITERAL_NULL_CONVERSION = YES;
				CLANG_WARN_OBJC_IMPLICIT_RETAIN_SELF = YES;
				CLANG_WARN_OBJC_LITERAL_CONVERSION = YES;
				CLANG_WARN_OBJC_ROOT_CLASS = YES_ERROR;
				CLANG_WARN_QUOTED_INCLUDE_IN_FRAMEWORK_HEADER = YES;
				CLANG_WARN_RANGE_LOOP_ANALYSIS = YES;
				CLANG_WARN_STRICT_PROTOTYPES = YES;
				CLANG_WARN_SUSPICIOUS_MOVE = YES;
				CLANG_WARN_UNGUARDED_AVAILABILITY = YES_AGGRESSIVE;
				CLANG_WARN_UNREACHABLE_CODE = YES;
				CLANG_WARN__DUPLICATE_METHOD_MATCH = YES;
				COPY_PHASE_STRIP = NO;
				DEBUG_INFORMATION_FORMAT = dwarf;
				ENABLE_STRICT_OBJC_MSGSEND = YES;
				ENABLE_TESTABILITY = YES;
				GCC_C_LANGUAGE_STANDARD = gnu11;
				GCC_DYNAMIC_NO_PIC = NO;
				GCC_NO_COMMON_BLOCKS = YES;
				GCC_OPTIMIZATION_LEVEL = 0;
				GCC_PREPROCESSOR_DEFINITIONS = (
					"DEBUG=1",
					"$(inherited)",
				);
				GCC_WARN_64_TO_32_BIT_CONVERSION = YES;
				GCC_WARN_ABOUT_RETURN_TYPE = YES_ERROR;
				GCC_WARN_UNDECLARED_SELECTOR = YES;
				GCC_WARN_UNINITIALIZED_AUTOS = YES_AGGRESSIVE;
				GCC_WARN_UNUSED_FUNCTION = YES;
				GCC_WARN_UNUSED_VARIABLE = YES;
				IPHONEOS_DEPLOYMENT_TARGET = 16.2;
				MTL_ENABLE_DEBUG_INFO = INCLUDE_SOURCE;
				MTL_FAST_MATH = YES;
				ONLY_ACTIVE_ARCH = YES;
				SDKROOT = iphoneos;
				SWIFT_ACTIVE_COMPILATION_CONDITIONS = DEBUG;
				SWIFT_OPTIMIZATION_LEVEL = "-Onone";
			};
			name = Debug;
		};
		0088F3C229DB496A003398A8 /* Release */ = {
			isa = XCBuildConfiguration;
			buildSettings = {
				ALWAYS_SEARCH_USER_PATHS = NO;
				CLANG_ANALYZER_NONNULL = YES;
				CLANG_ANALYZER_NUMBER_OBJECT_CONVERSION = YES_AGGRESSIVE;
				CLANG_CXX_LANGUAGE_STANDARD = "gnu++20";
				CLANG_ENABLE_MODULES = YES;
				CLANG_ENABLE_OBJC_ARC = YES;
				CLANG_ENABLE_OBJC_WEAK = YES;
				CLANG_WARN_BLOCK_CAPTURE_AUTORELEASING = YES;
				CLANG_WARN_BOOL_CONVERSION = YES;
				CLANG_WARN_COMMA = YES;
				CLANG_WARN_CONSTANT_CONVERSION = YES;
				CLANG_WARN_DEPRECATED_OBJC_IMPLEMENTATIONS = YES;
				CLANG_WARN_DIRECT_OBJC_ISA_USAGE = YES_ERROR;
				CLANG_WARN_DOCUMENTATION_COMMENTS = YES;
				CLANG_WARN_EMPTY_BODY = YES;
				CLANG_WARN_ENUM_CONVERSION = YES;
				CLANG_WARN_INFINITE_RECURSION = YES;
				CLANG_WARN_INT_CONVERSION = YES;
				CLANG_WARN_NON_LITERAL_NULL_CONVERSION = YES;
				CLANG_WARN_OBJC_IMPLICIT_RETAIN_SELF = YES;
				CLANG_WARN_OBJC_LITERAL_CONVERSION = YES;
				CLANG_WARN_OBJC_ROOT_CLASS = YES_ERROR;
				CLANG_WARN_QUOTED_INCLUDE_IN_FRAMEWORK_HEADER = YES;
				CLANG_WARN_RANGE_LOOP_ANALYSIS = YES;
				CLANG_WARN_STRICT_PROTOTYPES = YES;
				CLANG_WARN_SUSPICIOUS_MOVE = YES;
				CLANG_WARN_UNGUARDED_AVAILABILITY = YES_AGGRESSIVE;
				CLANG_WARN_UNREACHABLE_CODE = YES;
				CLANG_WARN__DUPLICATE_METHOD_MATCH = YES;
				COPY_PHASE_STRIP = NO;
				DEBUG_INFORMATION_FORMAT = "dwarf-with-dsym";
				ENABLE_NS_ASSERTIONS = NO;
				ENABLE_STRICT_OBJC_MSGSEND = YES;
				GCC_C_LANGUAGE_STANDARD = gnu11;
				GCC_NO_COMMON_BLOCKS = YES;
				GCC_WARN_64_TO_32_BIT_CONVERSION = YES;
				GCC_WARN_ABOUT_RETURN_TYPE = YES_ERROR;
				GCC_WARN_UNDECLARED_SELECTOR = YES;
				GCC_WARN_UNINITIALIZED_AUTOS = YES_AGGRESSIVE;
				GCC_WARN_UNUSED_FUNCTION = YES;
				GCC_WARN_UNUSED_VARIABLE = YES;
				IPHONEOS_DEPLOYMENT_TARGET = 16.2;
				MTL_ENABLE_DEBUG_INFO = NO;
				MTL_FAST_MATH = YES;
				SDKROOT = iphoneos;
				SWIFT_COMPILATION_MODE = wholemodule;
				SWIFT_OPTIMIZATION_LEVEL = "-O";
				VALIDATE_PRODUCT = YES;
			};
			name = Release;
		};
		0088F3C429DB496A003398A8 /* Debug */ = {
			isa = XCBuildConfiguration;
			buildSettings = {
				ASSETCATALOG_COMPILER_APPICON_NAME = AppIcon;
				ASSETCATALOG_COMPILER_GLOBAL_ACCENT_COLOR_NAME = AccentColor;
				CODE_SIGN_STYLE = Automatic;
				CURRENT_PROJECT_VERSION = 1;
				DEVELOPMENT_TEAM = W9FSXFWG34;
				GENERATE_INFOPLIST_FILE = YES;
				INFOPLIST_FILE = FoodStore/Info.plist;
				INFOPLIST_KEY_UIApplicationSupportsIndirectInputEvents = YES;
				INFOPLIST_KEY_UILaunchStoryboardName = LaunchScreen;
				INFOPLIST_KEY_UISupportedInterfaceOrientations_iPad = "UIInterfaceOrientationPortrait UIInterfaceOrientationPortraitUpsideDown UIInterfaceOrientationLandscapeLeft UIInterfaceOrientationLandscapeRight";
				INFOPLIST_KEY_UISupportedInterfaceOrientations_iPhone = "UIInterfaceOrientationPortrait UIInterfaceOrientationLandscapeLeft UIInterfaceOrientationLandscapeRight";
				LD_RUNPATH_SEARCH_PATHS = (
					"$(inherited)",
					"@executable_path/Frameworks",
				);
				MARKETING_VERSION = 1.0;
				PRODUCT_BUNDLE_IDENTIFIER = com.artemorlov.FoodStore;
				PRODUCT_NAME = "$(TARGET_NAME)";
				SWIFT_EMIT_LOC_STRINGS = YES;
				SWIFT_VERSION = 5.0;
				TARGETED_DEVICE_FAMILY = "1,2";
			};
			name = Debug;
		};
		0088F3C529DB496A003398A8 /* Release */ = {
			isa = XCBuildConfiguration;
			buildSettings = {
				ASSETCATALOG_COMPILER_APPICON_NAME = AppIcon;
				ASSETCATALOG_COMPILER_GLOBAL_ACCENT_COLOR_NAME = AccentColor;
				CODE_SIGN_STYLE = Automatic;
				CURRENT_PROJECT_VERSION = 1;
				DEVELOPMENT_TEAM = W9FSXFWG34;
				GENERATE_INFOPLIST_FILE = YES;
				INFOPLIST_FILE = FoodStore/Info.plist;
				INFOPLIST_KEY_UIApplicationSupportsIndirectInputEvents = YES;
				INFOPLIST_KEY_UILaunchStoryboardName = LaunchScreen;
				INFOPLIST_KEY_UISupportedInterfaceOrientations_iPad = "UIInterfaceOrientationPortrait UIInterfaceOrientationPortraitUpsideDown UIInterfaceOrientationLandscapeLeft UIInterfaceOrientationLandscapeRight";
				INFOPLIST_KEY_UISupportedInterfaceOrientations_iPhone = "UIInterfaceOrientationPortrait UIInterfaceOrientationLandscapeLeft UIInterfaceOrientationLandscapeRight";
				LD_RUNPATH_SEARCH_PATHS = (
					"$(inherited)",
					"@executable_path/Frameworks",
				);
				MARKETING_VERSION = 1.0;
				PRODUCT_BUNDLE_IDENTIFIER = com.artemorlov.FoodStore;
				PRODUCT_NAME = "$(TARGET_NAME)";
				SWIFT_EMIT_LOC_STRINGS = YES;
				SWIFT_VERSION = 5.0;
				TARGETED_DEVICE_FAMILY = "1,2";
			};
			name = Release;
		};
/* End XCBuildConfiguration section */

/* Begin XCConfigurationList section */
		0088F3AA29DB4969003398A8 /* Build configuration list for PBXProject "FoodStore" */ = {
			isa = XCConfigurationList;
			buildConfigurations = (
				0088F3C129DB496A003398A8 /* Debug */,
				0088F3C229DB496A003398A8 /* Release */,
			);
			defaultConfigurationIsVisible = 0;
			defaultConfigurationName = Release;
		};
		0088F3C329DB496A003398A8 /* Build configuration list for PBXNativeTarget "FoodStore" */ = {
			isa = XCConfigurationList;
			buildConfigurations = (
				0088F3C429DB496A003398A8 /* Debug */,
				0088F3C529DB496A003398A8 /* Release */,
			);
			defaultConfigurationIsVisible = 0;
			defaultConfigurationName = Release;
		};
/* End XCConfigurationList section */
	};
	rootObject = 0088F3A729DB4969003398A8 /* Project object */;
}
